
Microsoft Visual Studio Solution File, Format Version 12.00
# Visual Studio 15
VisualStudioVersion = 15.0.28307.1401
MinimumVisualStudioVersion = 10.0.40219.1
Project("{8BC9CEB8-8B4A-11D0-8D11-00A0C91BC942}") = "Server", "Server\Server.vcxproj", "{466C36F4-FB74-4BE0-90ED-D750DF5CACBC}"
EndProject
Project("{8BC9CEB8-8B4A-11D0-8D11-00A0C91BC942}") = "Client", "Client\Client.vcxproj", "{665D9509-E686-49EA-B092-5AF15BBFD944}"
EndProject
Global
	GlobalSection(SolutionConfigurationPlatforms) = preSolution
		Debug|x64 = Debug|x64
		Debug|x86 = Debug|x86
		Release|x64 = Release|x64
		Release|x86 = Release|x86
	EndGlobalSection
	GlobalSection(ProjectConfigurationPlatforms) = postSolution
		{466C36F4-FB74-4BE0-90ED-D750DF5CACBC}.Debug|x64.ActiveCfg = Debug|x64
		{466C36F4-FB74-4BE0-90ED-D750DF5CACBC}.Debug|x64.Build.0 = Debug|x64
		{466C36F4-FB74-4BE0-90ED-D750DF5CACBC}.Debug|x86.ActiveCfg = Debug|Win32
		{466C36F4-FB74-4BE0-90ED-D750DF5CACBC}.Debug|x86.Build.0 = Debug|Win32
		{466C36F4-FB74-4BE0-90ED-D750DF5CACBC}.Release|x64.ActiveCfg = Release|x64
		{466C36F4-FB74-4BE0-90ED-D750DF5CACBC}.Release|x64.Build.0 = Release|x64
		{466C36F4-FB74-4BE0-90ED-D750DF5CACBC}.Release|x86.ActiveCfg = Release|Win32
		{466C36F4-FB74-4BE0-90ED-D750DF5CACBC}.Release|x86.Build.0 = Release|Win32
		{665D9509-E686-49EA-B092-5AF15BBFD944}.Debug|x64.ActiveCfg = Debug|x64
		{665D9509-E686-49EA-B092-5AF15BBFD944}.Debug|x64.Build.0 = Debug|x64
		{665D9509-E686-49EA-B092-5AF15BBFD944}.Debug|x86.ActiveCfg = Debug|Win32
		{665D9509-E686-49EA-B092-5AF15BBFD944}.Debug|x86.Build.0 = Debug|Win32
		{665D9509-E686-49EA-B092-5AF15BBFD944}.Release|x64.ActiveCfg = Release|x64
		{665D9509-E686-49EA-B092-5AF15BBFD944}.Release|x64.Build.0 = Release|x64
		{665D9509-E686-49EA-B092-5AF15BBFD944}.Release|x86.ActiveCfg = Release|Win32
		{665D9509-E686-49EA-B092-5AF15BBFD944}.Release|x86.Build.0 = Release|Win32
	EndGlobalSection
	GlobalSection(SolutionProperties) = preSolution
		HideSolutionNode = FALSE
	EndGlobalSection
	GlobalSection(ExtensibilityGlobals) = postSolution
		SolutionGuid = {D909C7D9-D432-47E9-B7C6-4568D942BCF3}
	EndGlobalSection
EndGlobal
